
Microsoft Visual Studio Solution File, Format Version 11.00
# Visual Studio 2010
Project("{8BC9CEB8-8B4A-11D0-8D11-00A0C91BC942}") = "Meeting Room Reservation System", "Meeting Room Reservation System\Meeting Room Reservation System.vcxproj", "{ECEB0DBF-B1AC-408E-A683-8A99E951CD11}"
EndProject
Global
	GlobalSection(SolutionConfigurationPlatforms) = preSolution
		Debug|Win32 = Debug|Win32
		Release|Win32 = Release|Win32
	EndGlobalSection
	GlobalSection(ProjectConfigurationPlatforms) = postSolution
		{ECEB0DBF-B1AC-408E-A683-8A99E951CD11}.Debug|Win32.ActiveCfg = Debug|Win32
		{ECEB0DBF-B1AC-408E-A683-8A99E951CD11}.Debug|Win32.Build.0 = Debug|Win32
		{ECEB0DBF-B1AC-408E-A683-8A99E951CD11}.Release|Win32.ActiveCfg = Release|Win32
		{ECEB0DBF-B1AC-408E-A683-8A99E951CD11}.Release|Win32.Build.0 = Release|Win32
	EndGlobalSection
	GlobalSection(SolutionProperties) = preSolution
		HideSolutionNode = FALSE
	EndGlobalSection
EndGlobal
